
Microsoft Visual Studio Solution File, Format Version 12.00
# Visual Studio Version 16
VisualStudioVersion = 16.0.30804.86
MinimumVisualStudioVersion = 10.0.40219.1
Project("{FAE04EC0-301F-11D3-BF4B-00C04F79EFBC}") = "PolygonCollisions", "PolygonCollisions\PolygonCollisions.csproj", "{FB6FD575-362A-4BD3-AF91-CA3A043A1984}"
EndProject
Project("{2150E333-8FDC-42A3-9474-1A3956D46DE8}") = "Solution Items", "Solution Items", "{680F0E60-42A1-4F76-8CD3-24D5410F7865}"
	ProjectSection(SolutionItems) = preProject
		readme.md = readme.md
	EndProjectSection
EndProject
Global
	GlobalSection(SolutionConfigurationPlatforms) = preSolution
		Debug|Any CPU = Debug|Any CPU
		Release|Any CPU = Release|Any CPU
	EndGlobalSection
	GlobalSection(ProjectConfigurationPlatforms) = postSolution
		{FB6FD575-362A-4BD3-AF91-CA3A043A1984}.Debug|Any CPU.ActiveCfg = Debug|Any CPU
		{FB6FD575-362A-4BD3-AF91-CA3A043A1984}.Debug|Any CPU.Build.0 = Debug|Any CPU
		{FB6FD575-362A-4BD3-AF91-CA3A043A1984}.Release|Any CPU.ActiveCfg = Release|Any CPU
		{FB6FD575-362A-4BD3-AF91-CA3A043A1984}.Release|Any CPU.Build.0 = Release|Any CPU
	EndGlobalSection
	GlobalSection(SolutionProperties) = preSolution
		HideSolutionNode = FALSE
	EndGlobalSection
	GlobalSection(ExtensibilityGlobals) = postSolution
		SolutionGuid = {29517AAC-5250-46A8-B8EE-C3BB525B853D}
	EndGlobalSection
EndGlobal
